
Microsoft Visual Studio Solution File, Format Version 12.00
# Visual Studio 2012
Project("{FAE04EC0-301F-11D3-BF4B-00C04F79EFBC}") = "VoteMe", "VoteMe\VoteMe.csproj", "{141BA49B-96F2-40A6-891B-AE88CB9634E2}"
EndProject
Project("{FAE04EC0-301F-11D3-BF4B-00C04F79EFBC}") = "VoteMe.Tests", "VoteMe.Tests\VoteMe.Tests.csproj", "{60A58A83-DA48-4D7E-A25E-96A49599EFEC}"
EndProject
Global
	GlobalSection(SolutionConfigurationPlatforms) = preSolution
		Debug|Any CPU = Debug|Any CPU
		Release|Any CPU = Release|Any CPU
	EndGlobalSection
	GlobalSection(ProjectConfigurationPlatforms) = postSolution
		{141BA49B-96F2-40A6-891B-AE88CB9634E2}.Debug|Any CPU.ActiveCfg = Debug|Any CPU
		{141BA49B-96F2-40A6-891B-AE88CB9634E2}.Debug|Any CPU.Build.0 = Debug|Any CPU
		{141BA49B-96F2-40A6-891B-AE88CB9634E2}.Release|Any CPU.ActiveCfg = Release|Any CPU
		{141BA49B-96F2-40A6-891B-AE88CB9634E2}.Release|Any CPU.Build.0 = Release|Any CPU
		{60A58A83-DA48-4D7E-A25E-96A49599EFEC}.Debug|Any CPU.ActiveCfg = Debug|Any CPU
		{60A58A83-DA48-4D7E-A25E-96A49599EFEC}.Debug|Any CPU.Build.0 = Debug|Any CPU
		{60A58A83-DA48-4D7E-A25E-96A49599EFEC}.Release|Any CPU.ActiveCfg = Release|Any CPU
		{60A58A83-DA48-4D7E-A25E-96A49599EFEC}.Release|Any CPU.Build.0 = Release|Any CPU
	EndGlobalSection
EndGlobal
